
Microsoft Visual Studio Solution File, Format Version 12.00
# Visual Studio Version 17
VisualStudioVersion = 17.9.34728.123
MinimumVisualStudioVersion = 10.0.40219.1
Project("{FAE04EC0-301F-11D3-BF4B-00C04F79EFBC}") = "API", "API.csproj", "{CE598F50-A631-431D-ABF6-C964C056DF32}"
EndProject
Global
	GlobalSection(SolutionConfigurationPlatforms) = preSolution
		Debug|Any CPU = Debug|Any CPU
		Release|Any CPU = Release|Any CPU
	EndGlobalSection
	GlobalSection(ProjectConfigurationPlatforms) = postSolution
		{CE598F50-A631-431D-ABF6-C964C056DF32}.Debug|Any CPU.ActiveCfg = Debug|Any CPU
		{CE598F50-A631-431D-ABF6-C964C056DF32}.Debug|Any CPU.Build.0 = Debug|Any CPU
		{CE598F50-A631-431D-ABF6-C964C056DF32}.Release|Any CPU.ActiveCfg = Release|Any CPU
		{CE598F50-A631-431D-ABF6-C964C056DF32}.Release|Any CPU.Build.0 = Release|Any CPU
	EndGlobalSection
	GlobalSection(SolutionProperties) = preSolution
		HideSolutionNode = FALSE
	EndGlobalSection
	GlobalSection(ExtensibilityGlobals) = postSolution
		SolutionGuid = {01E3A819-0FBE-43FC-9DD5-BB6E51DA1E3F}
	EndGlobalSection
EndGlobal
